
Microsoft Visual Studio Solution File, Format Version 12.00
# Visual Studio Version 17
VisualStudioVersion = 17.14.36518.9 d17.14
MinimumVisualStudioVersion = 10.0.40219.1
Project("{FAE04EC0-301F-11D3-BF4B-00C04F79EFBC}") = "VISTA", "VISTA\VISTA.csproj", "{0C29AED9-B4B8-45F7-A839-C74E87797426}"
EndProject
Project("{FAE04EC0-301F-11D3-BF4B-00C04F79EFBC}") = "BLL", "BLL\BLL.csproj", "{EB7B6E50-73DE-467B-B6BF-D980808F14A0}"
EndProject
Project("{FAE04EC0-301F-11D3-BF4B-00C04F79EFBC}") = "DAL", "DAL\DAL.csproj", "{59CEF6F8-0D7D-4BD0-9150-5DE52F9EE253}"
EndProject
Project("{FAE04EC0-301F-11D3-BF4B-00C04F79EFBC}") = "ENTITY", "ENTITY\ENTITY.csproj", "{3D18906E-FFA3-4080-A862-83B7C61CC6B3}"
EndProject
Global
	GlobalSection(SolutionConfigurationPlatforms) = preSolution
		Debug|Any CPU = Debug|Any CPU
		Release|Any CPU = Release|Any CPU
	EndGlobalSection
	GlobalSection(ProjectConfigurationPlatforms) = postSolution
		{0C29AED9-B4B8-45F7-A839-C74E87797426}.Debug|Any CPU.ActiveCfg = Debug|Any CPU
		{0C29AED9-B4B8-45F7-A839-C74E87797426}.Debug|Any CPU.Build.0 = Debug|Any CPU
		{0C29AED9-B4B8-45F7-A839-C74E87797426}.Release|Any CPU.ActiveCfg = Release|Any CPU
		{0C29AED9-B4B8-45F7-A839-C74E87797426}.Release|Any CPU.Build.0 = Release|Any CPU
		{EB7B6E50-73DE-467B-B6BF-D980808F14A0}.Debug|Any CPU.ActiveCfg = Debug|Any CPU
		{EB7B6E50-73DE-467B-B6BF-D980808F14A0}.Debug|Any CPU.Build.0 = Debug|Any CPU
		{EB7B6E50-73DE-467B-B6BF-D980808F14A0}.Release|Any CPU.ActiveCfg = Release|Any CPU
		{EB7B6E50-73DE-467B-B6BF-D980808F14A0}.Release|Any CPU.Build.0 = Release|Any CPU
		{59CEF6F8-0D7D-4BD0-9150-5DE52F9EE253}.Debug|Any CPU.ActiveCfg = Debug|Any CPU
		{59CEF6F8-0D7D-4BD0-9150-5DE52F9EE253}.Debug|Any CPU.Build.0 = Debug|Any CPU
		{59CEF6F8-0D7D-4BD0-9150-5DE52F9EE253}.Release|Any CPU.ActiveCfg = Release|Any CPU
		{59CEF6F8-0D7D-4BD0-9150-5DE52F9EE253}.Release|Any CPU.Build.0 = Release|Any CPU
		{3D18906E-FFA3-4080-A862-83B7C61CC6B3}.Debug|Any CPU.ActiveCfg = Debug|Any CPU
		{3D18906E-FFA3-4080-A862-83B7C61CC6B3}.Debug|Any CPU.Build.0 = Debug|Any CPU
		{3D18906E-FFA3-4080-A862-83B7C61CC6B3}.Release|Any CPU.ActiveCfg = Release|Any CPU
		{3D18906E-FFA3-4080-A862-83B7C61CC6B3}.Release|Any CPU.Build.0 = Release|Any CPU
	EndGlobalSection
	GlobalSection(SolutionProperties) = preSolution
		HideSolutionNode = FALSE
	EndGlobalSection
	GlobalSection(ExtensibilityGlobals) = postSolution
		SolutionGuid = {80890E9E-D064-42D6-8BEE-9247B8632AA2}
	EndGlobalSection
EndGlobal
